
Microsoft Visual Studio Solution File, Format Version 12.00
# Visual Studio 15
VisualStudioVersion = 15.0.28307.705
MinimumVisualStudioVersion = 10.0.40219.1
Project("{FAE04EC0-301F-11D3-BF4B-00C04F79EFBC}") = "OrderPro", "OrderPro\OrderPro.csproj", "{54E04434-DECB-4784-AAC1-6BAF6E4B1214}"
EndProject
Project("{FAE04EC0-301F-11D3-BF4B-00C04F79EFBC}") = "OrderProTests", "OrderProTests\OrderProTests.csproj", "{5044D871-2385-4A05-88B9-E3C94FB737BE}"
EndProject
Project("{FAE04EC0-301F-11D3-BF4B-00C04F79EFBC}") = "OrderWindow", "OrderWindow\OrderWindow.csproj", "{C424ACC0-0E26-4107-9C23-FC05FAD1D48E}"
EndProject
Global
	GlobalSection(SolutionConfigurationPlatforms) = preSolution
		Debug|Any CPU = Debug|Any CPU
		Release|Any CPU = Release|Any CPU
	EndGlobalSection
	GlobalSection(ProjectConfigurationPlatforms) = postSolution
		{54E04434-DECB-4784-AAC1-6BAF6E4B1214}.Debug|Any CPU.ActiveCfg = Debug|Any CPU
		{54E04434-DECB-4784-AAC1-6BAF6E4B1214}.Debug|Any CPU.Build.0 = Debug|Any CPU
		{54E04434-DECB-4784-AAC1-6BAF6E4B1214}.Release|Any CPU.ActiveCfg = Release|Any CPU
		{54E04434-DECB-4784-AAC1-6BAF6E4B1214}.Release|Any CPU.Build.0 = Release|Any CPU
		{5044D871-2385-4A05-88B9-E3C94FB737BE}.Debug|Any CPU.ActiveCfg = Debug|Any CPU
		{5044D871-2385-4A05-88B9-E3C94FB737BE}.Debug|Any CPU.Build.0 = Debug|Any CPU
		{5044D871-2385-4A05-88B9-E3C94FB737BE}.Release|Any CPU.ActiveCfg = Release|Any CPU
		{5044D871-2385-4A05-88B9-E3C94FB737BE}.Release|Any CPU.Build.0 = Release|Any CPU
		{C424ACC0-0E26-4107-9C23-FC05FAD1D48E}.Debug|Any CPU.ActiveCfg = Debug|Any CPU
		{C424ACC0-0E26-4107-9C23-FC05FAD1D48E}.Debug|Any CPU.Build.0 = Debug|Any CPU
		{C424ACC0-0E26-4107-9C23-FC05FAD1D48E}.Release|Any CPU.ActiveCfg = Release|Any CPU
		{C424ACC0-0E26-4107-9C23-FC05FAD1D48E}.Release|Any CPU.Build.0 = Release|Any CPU
	EndGlobalSection
	GlobalSection(SolutionProperties) = preSolution
		HideSolutionNode = FALSE
	EndGlobalSection
	GlobalSection(ExtensibilityGlobals) = postSolution
		SolutionGuid = {986D00C6-FF20-4062-96F5-E71F04CC4D0C}
	EndGlobalSection
EndGlobal
