
Microsoft Visual Studio Solution File, Format Version 12.00
# Visual Studio 15
VisualStudioVersion = 15.0.28307.705
MinimumVisualStudioVersion = 10.0.40219.1
Project("{FAE04EC0-301F-11D3-BF4B-00C04F79EFBC}") = "OutPrime", "OutPrime\OutPrime.csproj", "{2A367326-79FF-42C7-83BF-8B99307078C1}"
EndProject
Project("{FAE04EC0-301F-11D3-BF4B-00C04F79EFBC}") = "ArrayCoute", "ArrayCoute\ArrayCoute.csproj", "{513EDD8F-5074-4629-8FC9-0FE5B9B1093D}"
EndProject
Project("{FAE04EC0-301F-11D3-BF4B-00C04F79EFBC}") = "SievePrime", "SievePrime\SievePrime.csproj", "{F1FF72AD-AFB9-4599-990F-B2F14B059996}"
EndProject
Global
	GlobalSection(SolutionConfigurationPlatforms) = preSolution
		Debug|Any CPU = Debug|Any CPU
		Release|Any CPU = Release|Any CPU
	EndGlobalSection
	GlobalSection(ProjectConfigurationPlatforms) = postSolution
		{2A367326-79FF-42C7-83BF-8B99307078C1}.Debug|Any CPU.ActiveCfg = Debug|Any CPU
		{2A367326-79FF-42C7-83BF-8B99307078C1}.Debug|Any CPU.Build.0 = Debug|Any CPU
		{2A367326-79FF-42C7-83BF-8B99307078C1}.Release|Any CPU.ActiveCfg = Release|Any CPU
		{2A367326-79FF-42C7-83BF-8B99307078C1}.Release|Any CPU.Build.0 = Release|Any CPU
		{513EDD8F-5074-4629-8FC9-0FE5B9B1093D}.Debug|Any CPU.ActiveCfg = Debug|Any CPU
		{513EDD8F-5074-4629-8FC9-0FE5B9B1093D}.Debug|Any CPU.Build.0 = Debug|Any CPU
		{513EDD8F-5074-4629-8FC9-0FE5B9B1093D}.Release|Any CPU.ActiveCfg = Release|Any CPU
		{513EDD8F-5074-4629-8FC9-0FE5B9B1093D}.Release|Any CPU.Build.0 = Release|Any CPU
		{F1FF72AD-AFB9-4599-990F-B2F14B059996}.Debug|Any CPU.ActiveCfg = Debug|Any CPU
		{F1FF72AD-AFB9-4599-990F-B2F14B059996}.Debug|Any CPU.Build.0 = Debug|Any CPU
		{F1FF72AD-AFB9-4599-990F-B2F14B059996}.Release|Any CPU.ActiveCfg = Release|Any CPU
		{F1FF72AD-AFB9-4599-990F-B2F14B059996}.Release|Any CPU.Build.0 = Release|Any CPU
	EndGlobalSection
	GlobalSection(SolutionProperties) = preSolution
		HideSolutionNode = FALSE
	EndGlobalSection
	GlobalSection(ExtensibilityGlobals) = postSolution
		SolutionGuid = {FE4F8535-AD06-43A0-9856-38AB79444115}
	EndGlobalSection
EndGlobal
