
Microsoft Visual Studio Solution File, Format Version 12.00
# Visual Studio 15
VisualStudioVersion = 15.0.28307.705
MinimumVisualStudioVersion = 10.0.40219.1
Project("{FAE04EC0-301F-11D3-BF4B-00C04F79EFBC}") = "EventTry", "EventTry\EventTry.csproj", "{A60F7374-222F-49B0-BC0B-D5A83365499F}"
EndProject
Global
	GlobalSection(SolutionConfigurationPlatforms) = preSolution
		Debug|Any CPU = Debug|Any CPU
		Release|Any CPU = Release|Any CPU
	EndGlobalSection
	GlobalSection(ProjectConfigurationPlatforms) = postSolution
		{A60F7374-222F-49B0-BC0B-D5A83365499F}.Debug|Any CPU.ActiveCfg = Debug|Any CPU
		{A60F7374-222F-49B0-BC0B-D5A83365499F}.Debug|Any CPU.Build.0 = Debug|Any CPU
		{A60F7374-222F-49B0-BC0B-D5A83365499F}.Release|Any CPU.ActiveCfg = Release|Any CPU
		{A60F7374-222F-49B0-BC0B-D5A83365499F}.Release|Any CPU.Build.0 = Release|Any CPU
	EndGlobalSection
	GlobalSection(SolutionProperties) = preSolution
		HideSolutionNode = FALSE
	EndGlobalSection
	GlobalSection(ExtensibilityGlobals) = postSolution
		SolutionGuid = {025FF690-9B2B-443E-9EFF-F991F90DA019}
	EndGlobalSection
EndGlobal
